Microsoft Visual Studio Solution File, Format Version 12.00
# Visual Studio Version 17
VisualStudioVersion = 17.3.32922.545
MinimumVisualStudioVersion = 10.0.40219.1
Project("{2150E333-8FDC-42A3-9474-1A3956D46DE8}") = "Build Files", "Build Files", "{F84D698C-3163-472D-95E9-EC36712D597B}"
	ProjectSection(SolutionItems) = preProject
		Build\HccViewsetPackage.targets = Build\HccViewsetPackage.targets
		Build\LibraryPackage.targets = Build\LibraryPackage.targets
		Build\ModulePackage.targets = Build\ModulePackage.targets
		Build\SkinPackage.targets = Build\SkinPackage.targets
		Build\SolutionReferences.targets = Build\SolutionReferences.targets
	EndProjectSection
EndProject
Project("{2150E333-8FDC-42A3-9474-1A3956D46DE8}") = "Configuration Files", "Configuration Files", "{B51AA4AF-EE33-49E1-B621-DF1BCD22A28C}"
	ProjectSection(SolutionItems) = preProject
		.gitignore = .gitignore
		Directory.Packages.props = Directory.Packages.props
		Website\DotNetNuke.log4net.config = Website\DotNetNuke.log4net.config
		README.md = README.md
		Website\web.config = Website\web.config
	EndProjectSection
EndProject
Project("{2150E333-8FDC-42A3-9474-1A3956D46DE8}") = "Libraries", "Libraries", "{1F828F98-2015-4EAD-8296-EABDD9EA4880}"
EndProject
Project("{2150E333-8FDC-42A3-9474-1A3956D46DE8}") = "Modules", "Modules", "{70FB7EDF-2E12-405F-B9CD-8A437E96FB11}"
EndProject
Project("{2150E333-8FDC-42A3-9474-1A3956D46DE8}") = "Skin Objects", "Skin Objects", "{7722B241-C88C-4BBA-973F-32D755BE9C08}"
EndProject
Project("{2150E333-8FDC-42A3-9474-1A3956D46DE8}") = "Skins", "Skins", "{EAE79EDB-A03E-445B-AF45-8508AB5CB551}"
EndProject
Project("{2150E333-8FDC-42A3-9474-1A3956D46DE8}") = "Viewsets", "Viewsets", "{C5228275-B3D3-4550-A755-98F70CDCEA69}"
EndProject
Project("{FAE04EC0-301F-11D3-BF4B-00C04F79EFBC}") = "Partners", "Modules\Partners\Partners.csproj", "{7D051970-8CED-42A5-8283-903697F98C31}"
EndProject
Project("{FAE04EC0-301F-11D3-BF4B-00C04F79EFBC}") = "Showcase", "Modules\Showcase\Showcase.csproj", "{4EC88034-E28A-486F-94C3-7634735CD5C9}"
EndProject
Project("{FAE04EC0-301F-11D3-BF4B-00C04F79EFBC}") = "Personalization", "Modules\Personalization\Personalization.csproj", "{CEFEAC2D-0738-426F-AD17-8F38EFC745ED}"
EndProject
Project("{FAE04EC0-301F-11D3-BF4B-00C04F79EFBC}") = "VisitorsOnline", "Modules\VisitorsOnline\VisitorsOnline.csproj", "{420E64DF-440B-4B49-A2D5-A38907F48305}"
EndProject
Project("{FAE04EC0-301F-11D3-BF4B-00C04F79EFBC}") = "WebAnalytics", "Modules\WebAnalytics\WebAnalytics.csproj", "{3D7BEEFC-B746-43ED-A7FB-17A1418839DE}"
EndProject
Project("{FAE04EC0-301F-11D3-BF4B-00C04F79EFBC}") = "CommunityMetrics", "Modules\CommunityMetrics\CommunityMetrics.csproj", "{20304B35-C633-42D4-B745-34B617FA38F4}"
EndProject
Project("{FAE04EC0-301F-11D3-BF4B-00C04F79EFBC}") = "Groups", "Modules\Groups\Groups.csproj", "{FB5BC1C5-93FC-4D46-BCB5-178830B7B3F8}"
EndProject
Global
	GlobalSection(SolutionConfigurationPlatforms) = preSolution
		Debug|Any CPU = Debug|Any CPU
		Release|Any CPU = Release|Any CPU
	EndGlobalSection
	GlobalSection(ProjectConfigurationPlatforms) = postSolution
		{7D051970-8CED-42A5-8283-903697F98C31}.Debug|Any CPU.ActiveCfg = Debug|Any CPU
		{7D051970-8CED-42A5-8283-903697F98C31}.Debug|Any CPU.Build.0 = Debug|Any CPU
		{7D051970-8CED-42A5-8283-903697F98C31}.Release|Any CPU.ActiveCfg = Release|Any CPU
		{7D051970-8CED-42A5-8283-903697F98C31}.Release|Any CPU.Build.0 = Release|Any CPU
		{4EC88034-E28A-486F-94C3-7634735CD5C9}.Debug|Any CPU.ActiveCfg = Debug|Any CPU
		{4EC88034-E28A-486F-94C3-7634735CD5C9}.Debug|Any CPU.Build.0 = Debug|Any CPU
		{4EC88034-E28A-486F-94C3-7634735CD5C9}.Release|Any CPU.ActiveCfg = Release|Any CPU
		{4EC88034-E28A-486F-94C3-7634735CD5C9}.Release|Any CPU.Build.0 = Release|Any CPU
		{CEFEAC2D-0738-426F-AD17-8F38EFC745ED}.Debug|Any CPU.ActiveCfg = Debug|Any CPU
		{CEFEAC2D-0738-426F-AD17-8F38EFC745ED}.Debug|Any CPU.Build.0 = Debug|Any CPU
		{CEFEAC2D-0738-426F-AD17-8F38EFC745ED}.Release|Any CPU.ActiveCfg = Release|Any CPU
		{CEFEAC2D-0738-426F-AD17-8F38EFC745ED}.Release|Any CPU.Build.0 = Release|Any CPU
		{420E64DF-440B-4B49-A2D5-A38907F48305}.Debug|Any CPU.ActiveCfg = Debug|Any CPU
		{420E64DF-440B-4B49-A2D5-A38907F48305}.Debug|Any CPU.Build.0 = Debug|Any CPU
		{420E64DF-440B-4B49-A2D5-A38907F48305}.Release|Any CPU.ActiveCfg = Release|Any CPU
		{420E64DF-440B-4B49-A2D5-A38907F48305}.Release|Any CPU.Build.0 = Release|Any CPU
		{3D7BEEFC-B746-43ED-A7FB-17A1418839DE}.Debug|Any CPU.ActiveCfg = Debug|Any CPU
		{3D7BEEFC-B746-43ED-A7FB-17A1418839DE}.Debug|Any CPU.Build.0 = Debug|Any CPU
		{3D7BEEFC-B746-43ED-A7FB-17A1418839DE}.Release|Any CPU.ActiveCfg = Release|Any CPU
		{3D7BEEFC-B746-43ED-A7FB-17A1418839DE}.Release|Any CPU.Build.0 = Release|Any CPU
		{20304B35-C633-42D4-B745-34B617FA38F4}.Debug|Any CPU.ActiveCfg = Debug|Any CPU
		{20304B35-C633-42D4-B745-34B617FA38F4}.Debug|Any CPU.Build.0 = Debug|Any CPU
		{20304B35-C633-42D4-B745-34B617FA38F4}.Release|Any CPU.ActiveCfg = Release|Any CPU
		{20304B35-C633-42D4-B745-34B617FA38F4}.Release|Any CPU.Build.0 = Release|Any CPU
		{FB5BC1C5-93FC-4D46-BCB5-178830B7B3F8}.Debug|Any CPU.ActiveCfg = Debug|Any CPU
		{FB5BC1C5-93FC-4D46-BCB5-178830B7B3F8}.Debug|Any CPU.Build.0 = Debug|Any CPU
		{FB5BC1C5-93FC-4D46-BCB5-178830B7B3F8}.Release|Any CPU.ActiveCfg = Release|Any CPU
		{FB5BC1C5-93FC-4D46-BCB5-178830B7B3F8}.Release|Any CPU.Build.0 = Release|Any CPU
	EndGlobalSection
	GlobalSection(SolutionProperties) = preSolution
		HideSolutionNode = FALSE
	EndGlobalSection
	GlobalSection(NestedProjects) = preSolution
		{7D051970-8CED-42A5-8283-903697F98C31} = {70FB7EDF-2E12-405F-B9CD-8A437E96FB11}
		{4EC88034-E28A-486F-94C3-7634735CD5C9} = {70FB7EDF-2E12-405F-B9CD-8A437E96FB11}
		{CEFEAC2D-0738-426F-AD17-8F38EFC745ED} = {70FB7EDF-2E12-405F-B9CD-8A437E96FB11}
		{420E64DF-440B-4B49-A2D5-A38907F48305} = {70FB7EDF-2E12-405F-B9CD-8A437E96FB11}
		{3D7BEEFC-B746-43ED-A7FB-17A1418839DE} = {70FB7EDF-2E12-405F-B9CD-8A437E96FB11}
		{20304B35-C633-42D4-B745-34B617FA38F4} = {70FB7EDF-2E12-405F-B9CD-8A437E96FB11}
		{FB5BC1C5-93FC-4D46-BCB5-178830B7B3F8} = {70FB7EDF-2E12-405F-B9CD-8A437E96FB11}
	EndGlobalSection
	GlobalSection(ExtensibilityGlobals) = postSolution
		SolutionGuid = {f4f36685-cd80-4a99-9caa-7180a354624b}
	EndGlobalSection
EndGlobal
